
Microsoft Visual Studio Solution File, Format Version 12.00
# Visual Studio Version 17
VisualStudioVersion = 17.9.34622.214
MinimumVisualStudioVersion = 10.0.40219.1
Project("{9A19103F-16F7-4668-BE54-9A1E7A4F7556}") = "CatechistHelper.API", "CatechistHelper.API\CatechistHelper.API.csproj", "{001215C3-2CF3-4ECC-99C9-2F3721F6ECBF}"
EndProject
Project("{9A19103F-16F7-4668-BE54-9A1E7A4F7556}") = "CatechistHelper.Domain", "CatechistHelper.Domain\CatechistHelper.Domain.csproj", "{53BAEB03-3323-4A77-9BE8-C306C3036D42}"
EndProject
Project("{9A19103F-16F7-4668-BE54-9A1E7A4F7556}") = "CatechistHelper.Repository", "CatechistHelper.Repository\CatechistHelper.Repository.csproj", "{5C6E0178-C4C5-42F7-9A37-EBEA318A4552}"
EndProject
Project("{FAE04EC0-301F-11D3-BF4B-00C04F79EFBC}") = "CatechistHelper.Service", "CatechistHelper.Service\CatechistHelper.Service.csproj", "{C9388216-70EA-4484-BA66-EC177EC28FBF}"
EndProject
Global
	GlobalSection(SolutionConfigurationPlatforms) = preSolution
		Debug|Any CPU = Debug|Any CPU
		Release|Any CPU = Release|Any CPU
	EndGlobalSection
	GlobalSection(ProjectConfigurationPlatforms) = postSolution
		{001215C3-2CF3-4ECC-99C9-2F3721F6ECBF}.Debug|Any CPU.ActiveCfg = Debug|Any CPU
		{001215C3-2CF3-4ECC-99C9-2F3721F6ECBF}.Debug|Any CPU.Build.0 = Debug|Any CPU
		{001215C3-2CF3-4ECC-99C9-2F3721F6ECBF}.Release|Any CPU.ActiveCfg = Release|Any CPU
		{001215C3-2CF3-4ECC-99C9-2F3721F6ECBF}.Release|Any CPU.Build.0 = Release|Any CPU
		{53BAEB03-3323-4A77-9BE8-C306C3036D42}.Debug|Any CPU.ActiveCfg = Debug|Any CPU
		{53BAEB03-3323-4A77-9BE8-C306C3036D42}.Debug|Any CPU.Build.0 = Debug|Any CPU
		{53BAEB03-3323-4A77-9BE8-C306C3036D42}.Release|Any CPU.ActiveCfg = Release|Any CPU
		{53BAEB03-3323-4A77-9BE8-C306C3036D42}.Release|Any CPU.Build.0 = Release|Any CPU
		{5C6E0178-C4C5-42F7-9A37-EBEA318A4552}.Debug|Any CPU.ActiveCfg = Debug|Any CPU
		{5C6E0178-C4C5-42F7-9A37-EBEA318A4552}.Debug|Any CPU.Build.0 = Debug|Any CPU
		{5C6E0178-C4C5-42F7-9A37-EBEA318A4552}.Release|Any CPU.ActiveCfg = Release|Any CPU
		{5C6E0178-C4C5-42F7-9A37-EBEA318A4552}.Release|Any CPU.Build.0 = Release|Any CPU
		{C9388216-70EA-4484-BA66-EC177EC28FBF}.Debug|Any CPU.ActiveCfg = Debug|Any CPU
		{C9388216-70EA-4484-BA66-EC177EC28FBF}.Debug|Any CPU.Build.0 = Debug|Any CPU
		{C9388216-70EA-4484-BA66-EC177EC28FBF}.Release|Any CPU.ActiveCfg = Release|Any CPU
		{C9388216-70EA-4484-BA66-EC177EC28FBF}.Release|Any CPU.Build.0 = Release|Any CPU
	EndGlobalSection
	GlobalSection(SolutionProperties) = preSolution
		HideSolutionNode = FALSE
	EndGlobalSection
	GlobalSection(ExtensibilityGlobals) = postSolution
		SolutionGuid = {F4F3E2DD-E5A4-4F30-82F4-BB3C81107A41}
	EndGlobalSection
EndGlobal
